// !$*UTF8*$!
{
	archiveVersion = 1;
	classes = {
	};
	objectVersion = 50;
	objects = {

/* Begin PBXBuildFile section */
		9EE83C1D267FAA6B00F809B1 /* AppDelegate.swift in Sources */ = {isa = PBXBuildFile; fileRef = 9EE83C1C267FAA6B00F809B1 /* AppDelegate.swift */; };
		9EE83C1F267FAA6B00F809B1 /* SceneDelegate.swift in Sources */ = {isa = PBXBuildFile; fileRef = 9EE83C1E267FAA6B00F809B1 /* SceneDelegate.swift */; };
		9EE83C21267FAA6B00F809B1 /* ViewController.swift in Sources */ = {isa = PBXBuildFile; fileRef = 9EE83C20267FAA6B00F809B1 /* ViewController.swift */; };
		9EE83C24267FAA6B00F809B1 /* Main.storyboard in Resources */ = {isa = PBXBuildFile; fileRef = 9EE83C22267FAA6B00F809B1 /* Main.storyboard */; };
		9EE83C27267FAA6B00F809B1 /* userCoreData.xcdatamodeld in Sources */ = {isa = PBXBuildFile; fileRef = 9EE83C25267FAA6B00F809B1 /* userCoreData.xcdatamodeld */; };
		9EE83C29267FAA6C00F809B1 /* Assets.xcassets in Resources */ = {isa = PBXBuildFile; fileRef = 9EE83C28267FAA6C00F809B1 /* Assets.xcassets */; };
		9EE83C2C267FAA6C00F809B1 /* LaunchScreen.storyboard in Resources */ = {isa = PBXBuildFile; fileRef = 9EE83C2A267FAA6C00F809B1 /* LaunchScreen.storyboard */; };
		9EE83C39267FCCB600F809B1 /* ProductStruct.swift in Sources */ = {isa = PBXBuildFile; fileRef = 9EE83C38267FCCB600F809B1 /* ProductStruct.swift */; };
/* End PBXBuildFile section */

/* Begin PBXFileReference section */
		9EE83C19267FAA6B00F809B1 /* userCoreData.app */ = {isa = PBXFileReference; explicitFileType = wrapper.application; includeInIndex = 0; path = userCoreData.app; sourceTree = BUILT_PRODUCTS_DIR; };
		9EE83C1C267FAA6B00F809B1 /* AppDelegate.swift */ = {isa = PBXFileReference; lastKnownFileType = sourcecode.swift; path = AppDelegate.swift; sourceTree = "<group>"; };
		9EE83C1E267FAA6B00F809B1 /* SceneDelegate.swift */ = {isa = PBXFileReference; lastKnownFileType = sourcecode.swift; path = SceneDelegate.swift; sourceTree = "<group>"; };
		9EE83C20267FAA6B00F809B1 /* ViewController.swift */ = {isa = PBXFileReference; lastKnownFileType = sourcecode.swift; path = ViewController.swift; sourceTree = "<group>"; };
		9EE83C23267FAA6B00F809B1 /* Base */ = {isa = PBXFileReference; lastKnownFileType = file.storyboard; name = Base; path = Base.lproj/Main.storyboard; sourceTree = "<group>"; };
		9EE83C26267FAA6B00F809B1 /* userCoreData.xcdatamodel */ = {isa = PBXFileReference; lastKnownFileType = wrapper.xcdatamodel; path = userCoreData.xcdatamodel; sourceTree = "<group>"; };
		9EE83C28267FAA6C00F809B1 /* Assets.xcassets */ = {isa = PBXFileReference; lastKnownFileType = folder.assetcatalog; path = Assets.xcassets; sourceTree = "<group>"; };
		9EE83C2B267FAA6C00F809B1 /* Base */ = {isa = PBXFileReference; lastKnownFileType = file.storyboard; name = Base; path = Base.lproj/LaunchScreen.storyboard; sourceTree = "<group>"; };
		9EE83C2D267FAA6C00F809B1 /* Info.plist */ = {isa = PBXFileReference; lastKnownFileType = text.plist.xml; path = Info.plist; sourceTree = "<group>"; };
		9EE83C38267FCCB600F809B1 /* ProductStruct.swift */ = {isa = PBXFileReference; lastKnownFileType = sourcecode.swift; path = ProductStruct.swift; sourceTree = "<group>"; };
/* End PBXFileReference section */

/* Begin PBXFrameworksBuildPhase section */
		9EE83C16267FAA6B00F809B1 /* Frameworks */ = {
			isa = PBXFrameworksBuildPhase;
			buildActionMask = 2147483647;
			files = (
			);
			runOnlyForDeploymentPostprocessing = 0;
		};
/* End PBXFrameworksBuildPhase section */

/* Begin PBXGroup section */
		9EE83C10267FAA6B00F809B1 = {
			isa = PBXGroup;
			children = (
				9EE83C1B267FAA6B00F809B1 /* userCoreData */,
				9EE83C1A267FAA6B00F809B1 /* Products */,
			);
			sourceTree = "<group>";
		};
		9EE83C1A267FAA6B00F809B1 /* Products */ = {
			isa = PBXGroup;
			children = (
				9EE83C19267FAA6B00F809B1 /* userCoreData.app */,
			);
			name = Products;
			sourceTree = "<group>";
		};
		9EE83C1B267FAA6B00F809B1 /* userCoreData */ = {
			isa = PBXGroup;
			children = (
				9EE83C20267FAA6B00F809B1 /* ViewController.swift */,
				9EE83C38267FCCB600F809B1 /* ProductStruct.swift */,
				9EE83C1C267FAA6B00F809B1 /* AppDelegate.swift */,
				9EE83C25267FAA6B00F809B1 /* userCoreData.xcdatamodeld */,
				9EE83C22267FAA6B00F809B1 /* Main.storyboard */,
				9EE83C33267FAA7200F809B1 /* Supporting */,
			);
			path = userCoreData;
			sourceTree = "<group>";
		};
		9EE83C33267FAA7200F809B1 /* Supporting */ = {
			isa = PBXGroup;
			children = (
				9EE83C1E267FAA6B00F809B1 /* SceneDelegate.swift */,
				9EE83C28267FAA6C00F809B1 /* Assets.xcassets */,
				9EE83C2A267FAA6C00F809B1 /* LaunchScreen.storyboard */,
				9EE83C2D267FAA6C00F809B1 /* Info.plist */,
			);
			name = Supporting;
			sourceTree = "<group>";
		};
/* End PBXGroup section */

/* Begin PBXNativeTarget section */
		9EE83C18267FAA6B00F809B1 /* userCoreData */ = {
			isa = PBXNativeTarget;
			buildConfigurationList = 9EE83C30267FAA6C00F809B1 /* Build configuration list for PBXNativeTarget "userCoreData" */;
			buildPhases = (
				9EE83C15267FAA6B00F809B1 /* Sources */,
				9EE83C16267FAA6B00F809B1 /* Frameworks */,
				9EE83C17267FAA6B00F809B1 /* Resources */,
			);
			buildRules = (
			);
			dependencies = (
			);
			name = userCoreData;
			productName = userCoreData;
			productReference = 9EE83C19267FAA6B00F809B1 /* userCoreData.app */;
			productType = "com.apple.product-type.application";
		};
/* End PBXNativeTarget section */

/* Begin PBXProject section */
		9EE83C11267FAA6B00F809B1 /* Project object */ = {
			isa = PBXProject;
			attributes = {
				LastSwiftUpdateCheck = 1250;
				LastUpgradeCheck = 1250;
				TargetAttributes = {
					9EE83C18267FAA6B00F809B1 = {
						CreatedOnToolsVersion = 12.5;
					};
				};
			};
			buildConfigurationList = 9EE83C14267FAA6B00F809B1 /* Build configuration list for PBXProject "userCoreData" */;
			compatibilityVersion = "Xcode 9.3";
			developmentRegion = en;
			hasScannedForEncodings = 0;
			knownRegions = (
				en,
				Base,
			);
			mainGroup = 9EE83C10267FAA6B00F809B1;
			productRefGroup = 9EE83C1A267FAA6B00F809B1 /* Products */;
			projectDirPath = "";
			projectRoot = "";
			targets = (
				9EE83C18267FAA6B00F809B1 /* userCoreData */,
			);
		};
/* End PBXProject section */

/* Begin PBXResourcesBuildPhase section */
		9EE83C17267FAA6B00F809B1 /* Resources */ = {
			isa = PBXResourcesBuildPhase;
			buildActionMask = 2147483647;
			files = (
				9EE83C2C267FAA6C00F809B1 /* LaunchScreen.storyboard in Resources */,
				9EE83C29267FAA6C00F809B1 /* Assets.xcassets in Resources */,
				9EE83C24267FAA6B00F809B1 /* Main.storyboard in Resources */,
			);
			runOnlyForDeploymentPostprocessing = 0;
		};
/* End PBXResourcesBuildPhase section */

/* Begin PBXSourcesBuildPhase section */
		9EE83C15267FAA6B00F809B1 /* Sources */ = {
			isa = PBXSourcesBuildPhase;
			buildActionMask = 2147483647;
			files = (
				9EE83C21267FAA6B00F809B1 /* ViewController.swift in Sources */,
				9EE83C1D267FAA6B00F809B1 /* AppDelegate.swift in Sources */,
				9EE83C1F267FAA6B00F809B1 /* SceneDelegate.swift in Sources */,
				9EE83C39267FCCB600F809B1 /* ProductStruct.swift in Sources */,
				9EE83C27267FAA6B00F809B1 /* userCoreData.xcdatamodeld in Sources */,
			);
			runOnlyForDeploymentPostprocessing = 0;
		};
/* End PBXSourcesBuildPhase section */

/* Begin PBXVariantGroup section */
		9EE83C22267FAA6B00F809B1 /* Main.storyboard */ = {
			isa = PBXVariantGroup;
			children = (
				9EE83C23267FAA6B00F809B1 /* Base */,
			);
			name = Main.storyboard;
			sourceTree = "<group>";
		};
		9EE83C2A267FAA6C00F809B1 /* LaunchScreen.storyboard */ = {
			isa = PBXVariantGroup;
			children = (
				9EE83C2B267FAA6C00F809B1 /* Base */,
			);
			name = LaunchScreen.storyboard;
			sourceTree = "<group>";
		};
/* End PBXVariantGroup section */

/* Begin XCBuildConfiguration section */
		9EE83C2E267FAA6C00F809B1 /* Debug */ = {
			isa = XCBuildConfiguration;
			buildSettings = {
				ALWAYS_SEARCH_USER_PATHS = NO;
				CLANG_ANALYZER_NONNULL = YES;
				CLANG_ANALYZER_NUMBER_OBJECT_CONVERSION = YES_AGGRESSIVE;
				CLANG_CXX_LANGUAGE_STANDARD = "gnu++14";
				CLANG_CXX_LIBRARY = "libc++";
				CLANG_ENABLE_MODULES = YES;
				CLANG_ENABLE_OBJC_ARC = YES;
				CLANG_ENABLE_OBJC_WEAK = YES;
				CLANG_WARN_BLOCK_CAPTURE_AUTORELEASING = YES;
				CLANG_WARN_BOOL_CONVERSION = YES;
				CLANG_WARN_COMMA = YES;
				CLANG_WARN_CONSTANT_CONVERSION = YES;
				CLANG_WARN_DEPRECATED_OBJC_IMPLEMENTATIONS = YES;
				CLANG_WARN_DIRECT_OBJC_ISA_USAGE = YES_ERROR;
				CLANG_WARN_DOCUMENTATION_COMMENTS = YES;
				CLANG_WARN_EMPTY_BODY = YES;
				CLANG_WARN_ENUM_CONVERSION = YES;
				CLANG_WARN_INFINITE_RECURSION = YES;
				CLANG_WARN_INT_CONVERSION = YES;
				CLANG_WARN_NON_LITERAL_NULL_CONVERSION = YES;
				CLANG_WARN_OBJC_IMPLICIT_RETAIN_SELF = YES;
				CLANG_WARN_OBJC_LITERAL_CONVERSION = YES;
				CLANG_WARN_OBJC_ROOT_CLASS = YES_ERROR;
				CLANG_WARN_QUOTED_INCLUDE_IN_FRAMEWORK_HEADER = YES;
				CLANG_WARN_RANGE_LOOP_ANALYSIS = YES;
				CLANG_WARN_STRICT_PROTOTYPES = YES;
				CLANG_WARN_SUSPICIOUS_MOVE = YES;
				CLANG_WARN_UNGUARDED_AVAILABILITY = YES_AGGRESSIVE;
				CLANG_WARN_UNREACHABLE_CODE = YES;
				CLANG_WARN__DUPLICATE_METHOD_MATCH = YES;
				COPY_PHASE_STRIP = NO;
				DEBUG_INFORMATION_FORMAT = dwarf;
				ENABLE_STRICT_OBJC_MSGSEND = YES;
				ENABLE_TESTABILITY = YES;
				GCC_C_LANGUAGE_STANDARD = gnu11;
				GCC_DYNAMIC_NO_PIC = NO;
				GCC_NO_COMMON_BLOCKS = YES;
				GCC_OPTIMIZATION_LEVEL = 0;
				GCC_PREPROCESSOR_DEFINITIONS = (
					"DEBUG=1",
					"$(inherited)",
				);
				GCC_WARN_64_TO_32_BIT_CONVERSION = YES;
				GCC_WARN_ABOUT_RETURN_TYPE = YES_ERROR;
				GCC_WARN_UNDECLARED_SELECTOR = YES;
				GCC_WARN_UNINITIALIZED_AUTOS = YES_AGGRESSIVE;
				GCC_WARN_UNUSED_FUNCTION = YES;
				GCC_WARN_UNUSED_VARIABLE = YES;
				IPHONEOS_DEPLOYMENT_TARGET = 14.5;
				MTL_ENABLE_DEBUG_INFO = INCLUDE_SOURCE;
				MTL_FAST_MATH = YES;
				ONLY_ACTIVE_ARCH = YES;
				SDKROOT = iphoneos;
				SWIFT_ACTIVE_COMPILATION_CONDITIONS = DEBUG;
				SWIFT_OPTIMIZATION_LEVEL = "-Onone";
			};
			name = Debug;
		};
		9EE83C2F267FAA6C00F809B1 /* Release */ = {
			isa = XCBuildConfiguration;
			buildSettings = {
				ALWAYS_SEARCH_USER_PATHS = NO;
				CLANG_ANALYZER_NONNULL = YES;
				CLANG_ANALYZER_NUMBER_OBJECT_CONVERSION = YES_AGGRESSIVE;
				CLANG_CXX_LANGUAGE_STANDARD = "gnu++14";
				CLANG_CXX_LIBRARY = "libc++";
				CLANG_ENABLE_MODULES = YES;
				CLANG_ENABLE_OBJC_ARC = YES;
				CLANG_ENABLE_OBJC_WEAK = YES;
				CLANG_WARN_BLOCK_CAPTURE_AUTORELEASING = YES;
				CLANG_WARN_BOOL_CONVERSION = YES;
				CLANG_WARN_COMMA = YES;
				CLANG_WARN_CONSTANT_CONVERSION = YES;
				CLANG_WARN_DEPRECATED_OBJC_IMPLEMENTATIONS = YES;
				CLANG_WARN_DIRECT_OBJC_ISA_USAGE = YES_ERROR;
				CLANG_WARN_DOCUMENTATION_COMMENTS = YES;
				CLANG_WARN_EMPTY_BODY = YES;
				CLANG_WARN_ENUM_CONVERSION = YES;
				CLANG_WARN_INFINITE_RECURSION = YES;
				CLANG_WARN_INT_CONVERSION = YES;
				CLANG_WARN_NON_LITERAL_NULL_CONVERSION = YES;
				CLANG_WARN_OBJC_IMPLICIT_RETAIN_SELF = YES;
				CLANG_WARN_OBJC_LITERAL_CONVERSION = YES;
				CLANG_WARN_OBJC_ROOT_CLASS = YES_ERROR;
				CLANG_WARN_QUOTED_INCLUDE_IN_FRAMEWORK_HEADER = YES;
				CLANG_WARN_RANGE_LOOP_ANALYSIS = YES;
				CLANG_WARN_STRICT_PROTOTYPES = YES;
				CLANG_WARN_SUSPICIOUS_MOVE = YES;
				CLANG_WARN_UNGUARDED_AVAILABILITY = YES_AGGRESSIVE;
				CLANG_WARN_UNREACHABLE_CODE = YES;
				CLANG_WARN__DUPLICATE_METHOD_MATCH = YES;
				COPY_PHASE_STRIP = NO;
				DEBUG_INFORMATION_FORMAT = "dwarf-with-dsym";
				ENABLE_NS_ASSERTIONS = NO;
				ENABLE_STRICT_OBJC_MSGSEND = YES;
				GCC_C_LANGUAGE_STANDARD = gnu11;
				GCC_NO_COMMON_BLOCKS = YES;
				GCC_WARN_64_TO_32_BIT_CONVERSION = YES;
				GCC_WARN_ABOUT_RETURN_TYPE = YES_ERROR;
				GCC_WARN_UNDECLARED_SELECTOR = YES;
				GCC_WARN_UNINITIALIZED_AUTOS = YES_AGGRESSIVE;
				GCC_WARN_UNUSED_FUNCTION = YES;
				GCC_WARN_UNUSED_VARIABLE = YES;
				IPHONEOS_DEPLOYMENT_TARGET = 14.5;
				MTL_ENABLE_DEBUG_INFO = NO;
				MTL_FAST_MATH = YES;
				SDKROOT = iphoneos;
				SWIFT_COMPILATION_MODE = wholemodule;
				SWIFT_OPTIMIZATION_LEVEL = "-O";
				VALIDATE_PRODUCT = YES;
			};
			name = Release;
		};
		9EE83C31267FAA6C00F809B1 /* Debug */ = {
			isa = XCBuildConfiguration;
			buildSettings = {
				ASSETCATALOG_COMPILER_APPICON_NAME = AppIcon;
				ASSETCATALOG_COMPILER_GLOBAL_ACCENT_COLOR_NAME = AccentColor;
				CODE_SIGN_STYLE = Automatic;
				DEVELOPMENT_TEAM = D3T46735XP;
				INFOPLIST_FILE = userCoreData/Info.plist;
				LD_RUNPATH_SEARCH_PATHS = (
					"$(inherited)",
					"@executable_path/Frameworks",
				);
				PRODUCT_BUNDLE_IDENTIFIER = lukeRave.userCoreData;
				PRODUCT_NAME = "$(TARGET_NAME)";
				SWIFT_VERSION = 5.0;
				TARGETED_DEVICE_FAMILY = "1,2";
			};
			name = Debug;
		};
		9EE83C32267FAA6C00F809B1 /* Release */ = {
			isa = XCBuildConfiguration;
			buildSettings = {
				ASSETCATALOG_COMPILER_APPICON_NAME = AppIcon;
				ASSETCATALOG_COMPILER_GLOBAL_ACCENT_COLOR_NAME = AccentColor;
				CODE_SIGN_STYLE = Automatic;
				DEVELOPMENT_TEAM = D3T46735XP;
				INFOPLIST_FILE = userCoreData/Info.plist;
				LD_RUNPATH_SEARCH_PATHS = (
					"$(inherited)",
					"@executable_path/Frameworks",
				);
				PRODUCT_BUNDLE_IDENTIFIER = lukeRave.userCoreData;
				PRODUCT_NAME = "$(TARGET_NAME)";
				SWIFT_VERSION = 5.0;
				TARGETED_DEVICE_FAMILY = "1,2";
			};
			name = Release;
		};
/* End XCBuildConfiguration section */

/* Begin XCConfigurationList section */
		9EE83C14267FAA6B00F809B1 /* Build configuration list for PBXProject "userCoreData" */ = {
			isa = XCConfigurationList;
			buildConfigurations = (
				9EE83C2E267FAA6C00F809B1 /* Debug */,
				9EE83C2F267FAA6C00F809B1 /* Release */,
			);
			defaultConfigurationIsVisible = 0;
			defaultConfigurationName = Release;
		};
		9EE83C30267FAA6C00F809B1 /* Build configuration list for PBXNativeTarget "userCoreData" */ = {
			isa = XCConfigurationList;
			buildConfigurations = (
				9EE83C31267FAA6C00F809B1 /* Debug */,
				9EE83C32267FAA6C00F809B1 /* Release */,
			);
			defaultConfigurationIsVisible = 0;
			defaultConfigurationName = Release;
		};
/* End XCConfigurationList section */

/* Begin XCVersionGroup section */
		9EE83C25267FAA6B00F809B1 /* userCoreData.xcdatamodeld */ = {
			isa = XCVersionGroup;
			children = (
				9EE83C26267FAA6B00F809B1 /* userCoreData.xcdatamodel */,
			);
			currentVersion = 9EE83C26267FAA6B00F809B1 /* userCoreData.xcdatamodel */;
			path = userCoreData.xcdatamodeld;
			sourceTree = "<group>";
			versionGroupType = wrapper.xcdatamodel;
		};
/* End XCVersionGroup section */
	};
	rootObject = 9EE83C11267FAA6B00F809B1 /* Project object */;
}
