// !$*UTF8*$!
{
	archiveVersion = 1;
	classes = {
	};
	objectVersion = 50;
	objects = {

/* Begin PBXBuildFile section */
		9ED296FB2667BBD700B02E20 /* AppDelegate.swift in Sources */ = {isa = PBXBuildFile; fileRef = 9ED296FA2667BBD700B02E20 /* AppDelegate.swift */; };
		9ED296FD2667BBD700B02E20 /* SceneDelegate.swift in Sources */ = {isa = PBXBuildFile; fileRef = 9ED296FC2667BBD700B02E20 /* SceneDelegate.swift */; };
		9ED296FF2667BBD700B02E20 /* ViewController.swift in Sources */ = {isa = PBXBuildFile; fileRef = 9ED296FE2667BBD700B02E20 /* ViewController.swift */; };
		9ED297022667BBD700B02E20 /* Main.storyboard in Resources */ = {isa = PBXBuildFile; fileRef = 9ED297002667BBD700B02E20 /* Main.storyboard */; };
		9ED297042667BBD900B02E20 /* Assets.xcassets in Resources */ = {isa = PBXBuildFile; fileRef = 9ED297032667BBD900B02E20 /* Assets.xcassets */; };
		9ED297072667BBD900B02E20 /* LaunchScreen.storyboard in Resources */ = {isa = PBXBuildFile; fileRef = 9ED297052667BBD900B02E20 /* LaunchScreen.storyboard */; };
		9ED297102667BBFE00B02E20 /* DelegationExample.swift in Sources */ = {isa = PBXBuildFile; fileRef = 9ED2970F2667BBFE00B02E20 /* DelegationExample.swift */; };
		9ED297122667C03900B02E20 /* TableDataSource.swift in Sources */ = {isa = PBXBuildFile; fileRef = 9ED297112667C03900B02E20 /* TableDataSource.swift */; };
		9ED297152667C49900B02E20 /* TableDelegate.swift in Sources */ = {isa = PBXBuildFile; fileRef = 9ED297142667C49900B02E20 /* TableDelegate.swift */; };
		9ED297172667C57400B02E20 /* DetailsViewController.swift in Sources */ = {isa = PBXBuildFile; fileRef = 9ED297162667C57400B02E20 /* DetailsViewController.swift */; };
/* End PBXBuildFile section */

/* Begin PBXFileReference section */
		9ED296F72667BBD700B02E20 /* delegation.app */ = {isa = PBXFileReference; explicitFileType = wrapper.application; includeInIndex = 0; path = delegation.app; sourceTree = BUILT_PRODUCTS_DIR; };
		9ED296FA2667BBD700B02E20 /* AppDelegate.swift */ = {isa = PBXFileReference; lastKnownFileType = sourcecode.swift; path = AppDelegate.swift; sourceTree = "<group>"; };
		9ED296FC2667BBD700B02E20 /* SceneDelegate.swift */ = {isa = PBXFileReference; lastKnownFileType = sourcecode.swift; path = SceneDelegate.swift; sourceTree = "<group>"; };
		9ED296FE2667BBD700B02E20 /* ViewController.swift */ = {isa = PBXFileReference; lastKnownFileType = sourcecode.swift; path = ViewController.swift; sourceTree = "<group>"; };
		9ED297012667BBD700B02E20 /* Base */ = {isa = PBXFileReference; lastKnownFileType = file.storyboard; name = Base; path = Base.lproj/Main.storyboard; sourceTree = "<group>"; };
		9ED297032667BBD900B02E20 /* Assets.xcassets */ = {isa = PBXFileReference; lastKnownFileType = folder.assetcatalog; path = Assets.xcassets; sourceTree = "<group>"; };
		9ED297062667BBD900B02E20 /* Base */ = {isa = PBXFileReference; lastKnownFileType = file.storyboard; name = Base; path = Base.lproj/LaunchScreen.storyboard; sourceTree = "<group>"; };
		9ED297082667BBD900B02E20 /* Info.plist */ = {isa = PBXFileReference; lastKnownFileType = text.plist.xml; path = Info.plist; sourceTree = "<group>"; };
		9ED2970F2667BBFE00B02E20 /* DelegationExample.swift */ = {isa = PBXFileReference; lastKnownFileType = sourcecode.swift; path = DelegationExample.swift; sourceTree = "<group>"; };
		9ED297112667C03900B02E20 /* TableDataSource.swift */ = {isa = PBXFileReference; lastKnownFileType = sourcecode.swift; path = TableDataSource.swift; sourceTree = "<group>"; };
		9ED297142667C49900B02E20 /* TableDelegate.swift */ = {isa = PBXFileReference; lastKnownFileType = sourcecode.swift; path = TableDelegate.swift; sourceTree = "<group>"; };
		9ED297162667C57400B02E20 /* DetailsViewController.swift */ = {isa = PBXFileReference; lastKnownFileType = sourcecode.swift; path = DetailsViewController.swift; sourceTree = "<group>"; };
/* End PBXFileReference section */

/* Begin PBXFrameworksBuildPhase section */
		9ED296F42667BBD700B02E20 /* Frameworks */ = {
			isa = PBXFrameworksBuildPhase;
			buildActionMask = 2147483647;
			files = (
			);
			runOnlyForDeploymentPostprocessing = 0;
		};
/* End PBXFrameworksBuildPhase section */

/* Begin PBXGroup section */
		9ED296EE2667BBD700B02E20 = {
			isa = PBXGroup;
			children = (
				9ED296F92667BBD700B02E20 /* delegation */,
				9ED296F82667BBD700B02E20 /* Products */,
			);
			sourceTree = "<group>";
		};
		9ED296F82667BBD700B02E20 /* Products */ = {
			isa = PBXGroup;
			children = (
				9ED296F72667BBD700B02E20 /* delegation.app */,
			);
			name = Products;
			sourceTree = "<group>";
		};
		9ED296F92667BBD700B02E20 /* delegation */ = {
			isa = PBXGroup;
			children = (
				9ED297132667C24F00B02E20 /* Controller */,
				9ED2970F2667BBFE00B02E20 /* DelegationExample.swift */,
				9ED297002667BBD700B02E20 /* Main.storyboard */,
				9ED297162667C57400B02E20 /* DetailsViewController.swift */,
				9ED2970E2667BBE300B02E20 /* Supporting */,
			);
			path = delegation;
			sourceTree = "<group>";
		};
		9ED2970E2667BBE300B02E20 /* Supporting */ = {
			isa = PBXGroup;
			children = (
				9ED296FA2667BBD700B02E20 /* AppDelegate.swift */,
				9ED296FC2667BBD700B02E20 /* SceneDelegate.swift */,
				9ED297032667BBD900B02E20 /* Assets.xcassets */,
				9ED297052667BBD900B02E20 /* LaunchScreen.storyboard */,
				9ED297082667BBD900B02E20 /* Info.plist */,
			);
			name = Supporting;
			sourceTree = "<group>";
		};
		9ED297132667C24F00B02E20 /* Controller */ = {
			isa = PBXGroup;
			children = (
				9ED296FE2667BBD700B02E20 /* ViewController.swift */,
				9ED297142667C49900B02E20 /* TableDelegate.swift */,
				9ED297112667C03900B02E20 /* TableDataSource.swift */,
			);
			name = Controller;
			sourceTree = "<group>";
		};
/* End PBXGroup section */

/* Begin PBXNativeTarget section */
		9ED296F62667BBD700B02E20 /* delegation */ = {
			isa = PBXNativeTarget;
			buildConfigurationList = 9ED2970B2667BBD900B02E20 /* Build configuration list for PBXNativeTarget "delegation" */;
			buildPhases = (
				9ED296F32667BBD700B02E20 /* Sources */,
				9ED296F42667BBD700B02E20 /* Frameworks */,
				9ED296F52667BBD700B02E20 /* Resources */,
			);
			buildRules = (
			);
			dependencies = (
			);
			name = delegation;
			productName = delegation;
			productReference = 9ED296F72667BBD700B02E20 /* delegation.app */;
			productType = "com.apple.product-type.application";
		};
/* End PBXNativeTarget section */

/* Begin PBXProject section */
		9ED296EF2667BBD700B02E20 /* Project object */ = {
			isa = PBXProject;
			attributes = {
				LastSwiftUpdateCheck = 1250;
				LastUpgradeCheck = 1250;
				TargetAttributes = {
					9ED296F62667BBD700B02E20 = {
						CreatedOnToolsVersion = 12.5;
					};
				};
			};
			buildConfigurationList = 9ED296F22667BBD700B02E20 /* Build configuration list for PBXProject "delegation" */;
			compatibilityVersion = "Xcode 9.3";
			developmentRegion = en;
			hasScannedForEncodings = 0;
			knownRegions = (
				en,
				Base,
			);
			mainGroup = 9ED296EE2667BBD700B02E20;
			productRefGroup = 9ED296F82667BBD700B02E20 /* Products */;
			projectDirPath = "";
			projectRoot = "";
			targets = (
				9ED296F62667BBD700B02E20 /* delegation */,
			);
		};
/* End PBXProject section */

/* Begin PBXResourcesBuildPhase section */
		9ED296F52667BBD700B02E20 /* Resources */ = {
			isa = PBXResourcesBuildPhase;
			buildActionMask = 2147483647;
			files = (
				9ED297072667BBD900B02E20 /* LaunchScreen.storyboard in Resources */,
				9ED297042667BBD900B02E20 /* Assets.xcassets in Resources */,
				9ED297022667BBD700B02E20 /* Main.storyboard in Resources */,
			);
			runOnlyForDeploymentPostprocessing = 0;
		};
/* End PBXResourcesBuildPhase section */

/* Begin PBXSourcesBuildPhase section */
		9ED296F32667BBD700B02E20 /* Sources */ = {
			isa = PBXSourcesBuildPhase;
			buildActionMask = 2147483647;
			files = (
				9ED296FF2667BBD700B02E20 /* ViewController.swift in Sources */,
				9ED297152667C49900B02E20 /* TableDelegate.swift in Sources */,
				9ED296FB2667BBD700B02E20 /* AppDelegate.swift in Sources */,
				9ED297122667C03900B02E20 /* TableDataSource.swift in Sources */,
				9ED297172667C57400B02E20 /* DetailsViewController.swift in Sources */,
				9ED297102667BBFE00B02E20 /* DelegationExample.swift in Sources */,
				9ED296FD2667BBD700B02E20 /* SceneDelegate.swift in Sources */,
			);
			runOnlyForDeploymentPostprocessing = 0;
		};
/* End PBXSourcesBuildPhase section */

/* Begin PBXVariantGroup section */
		9ED297002667BBD700B02E20 /* Main.storyboard */ = {
			isa = PBXVariantGroup;
			children = (
				9ED297012667BBD700B02E20 /* Base */,
			);
			name = Main.storyboard;
			sourceTree = "<group>";
		};
		9ED297052667BBD900B02E20 /* LaunchScreen.storyboard */ = {
			isa = PBXVariantGroup;
			children = (
				9ED297062667BBD900B02E20 /* Base */,
			);
			name = LaunchScreen.storyboard;
			sourceTree = "<group>";
		};
/* End PBXVariantGroup section */

/* Begin XCBuildConfiguration section */
		9ED297092667BBD900B02E20 /* Debug */ = {
			isa = XCBuildConfiguration;
			buildSettings = {
				ALWAYS_SEARCH_USER_PATHS = NO;
				CLANG_ANALYZER_NONNULL = YES;
				CLANG_ANALYZER_NUMBER_OBJECT_CONVERSION = YES_AGGRESSIVE;
				CLANG_CXX_LANGUAGE_STANDARD = "gnu++14";
				CLANG_CXX_LIBRARY = "libc++";
				CLANG_ENABLE_MODULES = YES;
				CLANG_ENABLE_OBJC_ARC = YES;
				CLANG_ENABLE_OBJC_WEAK = YES;
				CLANG_WARN_BLOCK_CAPTURE_AUTORELEASING = YES;
				CLANG_WARN_BOOL_CONVERSION = YES;
				CLANG_WARN_COMMA = YES;
				CLANG_WARN_CONSTANT_CONVERSION = YES;
				CLANG_WARN_DEPRECATED_OBJC_IMPLEMENTATIONS = YES;
				CLANG_WARN_DIRECT_OBJC_ISA_USAGE = YES_ERROR;
				CLANG_WARN_DOCUMENTATION_COMMENTS = YES;
				CLANG_WARN_EMPTY_BODY = YES;
				CLANG_WARN_ENUM_CONVERSION = YES;
				CLANG_WARN_INFINITE_RECURSION = YES;
				CLANG_WARN_INT_CONVERSION = YES;
				CLANG_WARN_NON_LITERAL_NULL_CONVERSION = YES;
				CLANG_WARN_OBJC_IMPLICIT_RETAIN_SELF = YES;
				CLANG_WARN_OBJC_LITERAL_CONVERSION = YES;
				CLANG_WARN_OBJC_ROOT_CLASS = YES_ERROR;
				CLANG_WARN_QUOTED_INCLUDE_IN_FRAMEWORK_HEADER = YES;
				CLANG_WARN_RANGE_LOOP_ANALYSIS = YES;
				CLANG_WARN_STRICT_PROTOTYPES = YES;
				CLANG_WARN_SUSPICIOUS_MOVE = YES;
				CLANG_WARN_UNGUARDED_AVAILABILITY = YES_AGGRESSIVE;
				CLANG_WARN_UNREACHABLE_CODE = YES;
				CLANG_WARN__DUPLICATE_METHOD_MATCH = YES;
				COPY_PHASE_STRIP = NO;
				DEBUG_INFORMATION_FORMAT = dwarf;
				ENABLE_STRICT_OBJC_MSGSEND = YES;
				ENABLE_TESTABILITY = YES;
				GCC_C_LANGUAGE_STANDARD = gnu11;
				GCC_DYNAMIC_NO_PIC = NO;
				GCC_NO_COMMON_BLOCKS = YES;
				GCC_OPTIMIZATION_LEVEL = 0;
				GCC_PREPROCESSOR_DEFINITIONS = (
					"DEBUG=1",
					"$(inherited)",
				);
				GCC_WARN_64_TO_32_BIT_CONVERSION = YES;
				GCC_WARN_ABOUT_RETURN_TYPE = YES_ERROR;
				GCC_WARN_UNDECLARED_SELECTOR = YES;
				GCC_WARN_UNINITIALIZED_AUTOS = YES_AGGRESSIVE;
				GCC_WARN_UNUSED_FUNCTION = YES;
				GCC_WARN_UNUSED_VARIABLE = YES;
				IPHONEOS_DEPLOYMENT_TARGET = 14.5;
				MTL_ENABLE_DEBUG_INFO = INCLUDE_SOURCE;
				MTL_FAST_MATH = YES;
				ONLY_ACTIVE_ARCH = YES;
				SDKROOT = iphoneos;
				SWIFT_ACTIVE_COMPILATION_CONDITIONS = DEBUG;
				SWIFT_OPTIMIZATION_LEVEL = "-Onone";
			};
			name = Debug;
		};
		9ED2970A2667BBD900B02E20 /* Release */ = {
			isa = XCBuildConfiguration;
			buildSettings = {
				ALWAYS_SEARCH_USER_PATHS = NO;
				CLANG_ANALYZER_NONNULL = YES;
				CLANG_ANALYZER_NUMBER_OBJECT_CONVERSION = YES_AGGRESSIVE;
				CLANG_CXX_LANGUAGE_STANDARD = "gnu++14";
				CLANG_CXX_LIBRARY = "libc++";
				CLANG_ENABLE_MODULES = YES;
				CLANG_ENABLE_OBJC_ARC = YES;
				CLANG_ENABLE_OBJC_WEAK = YES;
				CLANG_WARN_BLOCK_CAPTURE_AUTORELEASING = YES;
				CLANG_WARN_BOOL_CONVERSION = YES;
				CLANG_WARN_COMMA = YES;
				CLANG_WARN_CONSTANT_CONVERSION = YES;
				CLANG_WARN_DEPRECATED_OBJC_IMPLEMENTATIONS = YES;
				CLANG_WARN_DIRECT_OBJC_ISA_USAGE = YES_ERROR;
				CLANG_WARN_DOCUMENTATION_COMMENTS = YES;
				CLANG_WARN_EMPTY_BODY = YES;
				CLANG_WARN_ENUM_CONVERSION = YES;
				CLANG_WARN_INFINITE_RECURSION = YES;
				CLANG_WARN_INT_CONVERSION = YES;
				CLANG_WARN_NON_LITERAL_NULL_CONVERSION = YES;
				CLANG_WARN_OBJC_IMPLICIT_RETAIN_SELF = YES;
				CLANG_WARN_OBJC_LITERAL_CONVERSION = YES;
				CLANG_WARN_OBJC_ROOT_CLASS = YES_ERROR;
				CLANG_WARN_QUOTED_INCLUDE_IN_FRAMEWORK_HEADER = YES;
				CLANG_WARN_RANGE_LOOP_ANALYSIS = YES;
				CLANG_WARN_STRICT_PROTOTYPES = YES;
				CLANG_WARN_SUSPICIOUS_MOVE = YES;
				CLANG_WARN_UNGUARDED_AVAILABILITY = YES_AGGRESSIVE;
				CLANG_WARN_UNREACHABLE_CODE = YES;
				CLANG_WARN__DUPLICATE_METHOD_MATCH = YES;
				COPY_PHASE_STRIP = NO;
				DEBUG_INFORMATION_FORMAT = "dwarf-with-dsym";
				ENABLE_NS_ASSERTIONS = NO;
				ENABLE_STRICT_OBJC_MSGSEND = YES;
				GCC_C_LANGUAGE_STANDARD = gnu11;
				GCC_NO_COMMON_BLOCKS = YES;
				GCC_WARN_64_TO_32_BIT_CONVERSION = YES;
				GCC_WARN_ABOUT_RETURN_TYPE = YES_ERROR;
				GCC_WARN_UNDECLARED_SELECTOR = YES;
				GCC_WARN_UNINITIALIZED_AUTOS = YES_AGGRESSIVE;
				GCC_WARN_UNUSED_FUNCTION = YES;
				GCC_WARN_UNUSED_VARIABLE = YES;
				IPHONEOS_DEPLOYMENT_TARGET = 14.5;
				MTL_ENABLE_DEBUG_INFO = NO;
				MTL_FAST_MATH = YES;
				SDKROOT = iphoneos;
				SWIFT_COMPILATION_MODE = wholemodule;
				SWIFT_OPTIMIZATION_LEVEL = "-O";
				VALIDATE_PRODUCT = YES;
			};
			name = Release;
		};
		9ED2970C2667BBD900B02E20 /* Debug */ = {
			isa = XCBuildConfiguration;
			buildSettings = {
				ASSETCATALOG_COMPILER_APPICON_NAME = AppIcon;
				ASSETCATALOG_COMPILER_GLOBAL_ACCENT_COLOR_NAME = AccentColor;
				CODE_SIGN_STYLE = Automatic;
				DEVELOPMENT_TEAM = D3T46735XP;
				INFOPLIST_FILE = delegation/Info.plist;
				LD_RUNPATH_SEARCH_PATHS = (
					"$(inherited)",
					"@executable_path/Frameworks",
				);
				PRODUCT_BUNDLE_IDENTIFIER = lukeRave.delegation;
				PRODUCT_NAME = "$(TARGET_NAME)";
				SWIFT_VERSION = 5.0;
				TARGETED_DEVICE_FAMILY = "1,2";
			};
			name = Debug;
		};
		9ED2970D2667BBD900B02E20 /* Release */ = {
			isa = XCBuildConfiguration;
			buildSettings = {
				ASSETCATALOG_COMPILER_APPICON_NAME = AppIcon;
				ASSETCATALOG_COMPILER_GLOBAL_ACCENT_COLOR_NAME = AccentColor;
				CODE_SIGN_STYLE = Automatic;
				DEVELOPMENT_TEAM = D3T46735XP;
				INFOPLIST_FILE = delegation/Info.plist;
				LD_RUNPATH_SEARCH_PATHS = (
					"$(inherited)",
					"@executable_path/Frameworks",
				);
				PRODUCT_BUNDLE_IDENTIFIER = lukeRave.delegation;
				PRODUCT_NAME = "$(TARGET_NAME)";
				SWIFT_VERSION = 5.0;
				TARGETED_DEVICE_FAMILY = "1,2";
			};
			name = Release;
		};
/* End XCBuildConfiguration section */

/* Begin XCConfigurationList section */
		9ED296F22667BBD700B02E20 /* Build configuration list for PBXProject "delegation" */ = {
			isa = XCConfigurationList;
			buildConfigurations = (
				9ED297092667BBD900B02E20 /* Debug */,
				9ED2970A2667BBD900B02E20 /* Release */,
			);
			defaultConfigurationIsVisible = 0;
			defaultConfigurationName = Release;
		};
		9ED2970B2667BBD900B02E20 /* Build configuration list for PBXNativeTarget "delegation" */ = {
			isa = XCConfigurationList;
			buildConfigurations = (
				9ED2970C2667BBD900B02E20 /* Debug */,
				9ED2970D2667BBD900B02E20 /* Release */,
			);
			defaultConfigurationIsVisible = 0;
			defaultConfigurationName = Release;
		};
/* End XCConfigurationList section */
	};
	rootObject = 9ED296EF2667BBD700B02E20 /* Project object */;
}
