// !$*UTF8*$!
{
	archiveVersion = 1;
	classes = {
	};
	objectVersion = 50;
	objects = {

/* Begin PBXBuildFile section */
		9E58F7CD2661237A008144FA /* AppDelegate.swift in Sources */ = {isa = PBXBuildFile; fileRef = 9E58F7CC2661237A008144FA /* AppDelegate.swift */; };
		9E58F7CF2661237A008144FA /* SceneDelegate.swift in Sources */ = {isa = PBXBuildFile; fileRef = 9E58F7CE2661237A008144FA /* SceneDelegate.swift */; };
		9E58F7D12661237A008144FA /* ViewController.swift in Sources */ = {isa = PBXBuildFile; fileRef = 9E58F7D02661237A008144FA /* ViewController.swift */; };
		9E58F7D42661237B008144FA /* Main.storyboard in Resources */ = {isa = PBXBuildFile; fileRef = 9E58F7D22661237B008144FA /* Main.storyboard */; };
		9E58F7D62661237D008144FA /* Assets.xcassets in Resources */ = {isa = PBXBuildFile; fileRef = 9E58F7D52661237D008144FA /* Assets.xcassets */; };
		9E58F7D92661237D008144FA /* LaunchScreen.storyboard in Resources */ = {isa = PBXBuildFile; fileRef = 9E58F7D72661237D008144FA /* LaunchScreen.storyboard */; };
		9E58F7E2266123D8008144FA /* DrinkModel.swift in Sources */ = {isa = PBXBuildFile; fileRef = 9E58F7E1266123D8008144FA /* DrinkModel.swift */; };
		9E58F7EE26615B70008144FA /* DrinkCell.swift in Sources */ = {isa = PBXBuildFile; fileRef = 9E58F7EC26615B70008144FA /* DrinkCell.swift */; };
		9E58F7EF26615B70008144FA /* DrinkCell.xib in Resources */ = {isa = PBXBuildFile; fileRef = 9E58F7ED26615B70008144FA /* DrinkCell.xib */; };
/* End PBXBuildFile section */

/* Begin PBXFileReference section */
		9E58F7C92661237A008144FA /* tableView.app */ = {isa = PBXFileReference; explicitFileType = wrapper.application; includeInIndex = 0; path = tableView.app; sourceTree = BUILT_PRODUCTS_DIR; };
		9E58F7CC2661237A008144FA /* AppDelegate.swift */ = {isa = PBXFileReference; lastKnownFileType = sourcecode.swift; path = AppDelegate.swift; sourceTree = "<group>"; };
		9E58F7CE2661237A008144FA /* SceneDelegate.swift */ = {isa = PBXFileReference; lastKnownFileType = sourcecode.swift; path = SceneDelegate.swift; sourceTree = "<group>"; };
		9E58F7D02661237A008144FA /* ViewController.swift */ = {isa = PBXFileReference; lastKnownFileType = sourcecode.swift; path = ViewController.swift; sourceTree = "<group>"; };
		9E58F7D32661237B008144FA /* Base */ = {isa = PBXFileReference; lastKnownFileType = file.storyboard; name = Base; path = Base.lproj/Main.storyboard; sourceTree = "<group>"; };
		9E58F7D52661237D008144FA /* Assets.xcassets */ = {isa = PBXFileReference; lastKnownFileType = folder.assetcatalog; path = Assets.xcassets; sourceTree = "<group>"; };
		9E58F7D82661237D008144FA /* Base */ = {isa = PBXFileReference; lastKnownFileType = file.storyboard; name = Base; path = Base.lproj/LaunchScreen.storyboard; sourceTree = "<group>"; };
		9E58F7DA2661237D008144FA /* Info.plist */ = {isa = PBXFileReference; lastKnownFileType = text.plist.xml; path = Info.plist; sourceTree = "<group>"; };
		9E58F7E1266123D8008144FA /* DrinkModel.swift */ = {isa = PBXFileReference; lastKnownFileType = sourcecode.swift; path = DrinkModel.swift; sourceTree = "<group>"; };
		9E58F7EC26615B70008144FA /* DrinkCell.swift */ = {isa = PBXFileReference; lastKnownFileType = sourcecode.swift; path = DrinkCell.swift; sourceTree = "<group>"; };
		9E58F7ED26615B70008144FA /* DrinkCell.xib */ = {isa = PBXFileReference; lastKnownFileType = file.xib; path = DrinkCell.xib; sourceTree = "<group>"; };
/* End PBXFileReference section */

/* Begin PBXFrameworksBuildPhase section */
		9E58F7C62661237A008144FA /* Frameworks */ = {
			isa = PBXFrameworksBuildPhase;
			buildActionMask = 2147483647;
			files = (
			);
			runOnlyForDeploymentPostprocessing = 0;
		};
/* End PBXFrameworksBuildPhase section */

/* Begin PBXGroup section */
		9E58F7C02661237A008144FA = {
			isa = PBXGroup;
			children = (
				9E58F7CB2661237A008144FA /* tableView */,
				9E58F7CA2661237A008144FA /* Products */,
			);
			sourceTree = "<group>";
		};
		9E58F7CA2661237A008144FA /* Products */ = {
			isa = PBXGroup;
			children = (
				9E58F7C92661237A008144FA /* tableView.app */,
			);
			name = Products;
			sourceTree = "<group>";
		};
		9E58F7CB2661237A008144FA /* tableView */ = {
			isa = PBXGroup;
			children = (
				9E58F7D22661237B008144FA /* Main.storyboard */,
				9E58F7D02661237A008144FA /* ViewController.swift */,
				9E58F7EB26615B38008144FA /* Cell */,
				9E58F7E3266123DD008144FA /* Model */,
				9E58F7E0266123A4008144FA /* SupportingFiles */,
			);
			path = tableView;
			sourceTree = "<group>";
		};
		9E58F7E0266123A4008144FA /* SupportingFiles */ = {
			isa = PBXGroup;
			children = (
				9E58F7CC2661237A008144FA /* AppDelegate.swift */,
				9E58F7CE2661237A008144FA /* SceneDelegate.swift */,
				9E58F7D52661237D008144FA /* Assets.xcassets */,
				9E58F7D72661237D008144FA /* LaunchScreen.storyboard */,
				9E58F7DA2661237D008144FA /* Info.plist */,
			);
			name = SupportingFiles;
			sourceTree = "<group>";
		};
		9E58F7E3266123DD008144FA /* Model */ = {
			isa = PBXGroup;
			children = (
				9E58F7E1266123D8008144FA /* DrinkModel.swift */,
			);
			path = Model;
			sourceTree = "<group>";
		};
		9E58F7EB26615B38008144FA /* Cell */ = {
			isa = PBXGroup;
			children = (
				9E58F7EC26615B70008144FA /* DrinkCell.swift */,
				9E58F7ED26615B70008144FA /* DrinkCell.xib */,
			);
			name = Cell;
			sourceTree = "<group>";
		};
/* End PBXGroup section */

/* Begin PBXNativeTarget section */
		9E58F7C82661237A008144FA /* tableView */ = {
			isa = PBXNativeTarget;
			buildConfigurationList = 9E58F7DD2661237D008144FA /* Build configuration list for PBXNativeTarget "tableView" */;
			buildPhases = (
				9E58F7C52661237A008144FA /* Sources */,
				9E58F7C62661237A008144FA /* Frameworks */,
				9E58F7C72661237A008144FA /* Resources */,
			);
			buildRules = (
			);
			dependencies = (
			);
			name = tableView;
			productName = tableView;
			productReference = 9E58F7C92661237A008144FA /* tableView.app */;
			productType = "com.apple.product-type.application";
		};
/* End PBXNativeTarget section */

/* Begin PBXProject section */
		9E58F7C12661237A008144FA /* Project object */ = {
			isa = PBXProject;
			attributes = {
				LastSwiftUpdateCheck = 1250;
				LastUpgradeCheck = 1250;
				TargetAttributes = {
					9E58F7C82661237A008144FA = {
						CreatedOnToolsVersion = 12.5;
					};
				};
			};
			buildConfigurationList = 9E58F7C42661237A008144FA /* Build configuration list for PBXProject "tableView" */;
			compatibilityVersion = "Xcode 9.3";
			developmentRegion = en;
			hasScannedForEncodings = 0;
			knownRegions = (
				en,
				Base,
			);
			mainGroup = 9E58F7C02661237A008144FA;
			productRefGroup = 9E58F7CA2661237A008144FA /* Products */;
			projectDirPath = "";
			projectRoot = "";
			targets = (
				9E58F7C82661237A008144FA /* tableView */,
			);
		};
/* End PBXProject section */

/* Begin PBXResourcesBuildPhase section */
		9E58F7C72661237A008144FA /* Resources */ = {
			isa = PBXResourcesBuildPhase;
			buildActionMask = 2147483647;
			files = (
				9E58F7D92661237D008144FA /* LaunchScreen.storyboard in Resources */,
				9E58F7D62661237D008144FA /* Assets.xcassets in Resources */,
				9E58F7EF26615B70008144FA /* DrinkCell.xib in Resources */,
				9E58F7D42661237B008144FA /* Main.storyboard in Resources */,
			);
			runOnlyForDeploymentPostprocessing = 0;
		};
/* End PBXResourcesBuildPhase section */

/* Begin PBXSourcesBuildPhase section */
		9E58F7C52661237A008144FA /* Sources */ = {
			isa = PBXSourcesBuildPhase;
			buildActionMask = 2147483647;
			files = (
				9E58F7E2266123D8008144FA /* DrinkModel.swift in Sources */,
				9E58F7EE26615B70008144FA /* DrinkCell.swift in Sources */,
				9E58F7D12661237A008144FA /* ViewController.swift in Sources */,
				9E58F7CD2661237A008144FA /* AppDelegate.swift in Sources */,
				9E58F7CF2661237A008144FA /* SceneDelegate.swift in Sources */,
			);
			runOnlyForDeploymentPostprocessing = 0;
		};
/* End PBXSourcesBuildPhase section */

/* Begin PBXVariantGroup section */
		9E58F7D22661237B008144FA /* Main.storyboard */ = {
			isa = PBXVariantGroup;
			children = (
				9E58F7D32661237B008144FA /* Base */,
			);
			name = Main.storyboard;
			sourceTree = "<group>";
		};
		9E58F7D72661237D008144FA /* LaunchScreen.storyboard */ = {
			isa = PBXVariantGroup;
			children = (
				9E58F7D82661237D008144FA /* Base */,
			);
			name = LaunchScreen.storyboard;
			sourceTree = "<group>";
		};
/* End PBXVariantGroup section */

/* Begin XCBuildConfiguration section */
		9E58F7DB2661237D008144FA /* Debug */ = {
			isa = XCBuildConfiguration;
			buildSettings = {
				ALWAYS_SEARCH_USER_PATHS = NO;
				CLANG_ANALYZER_NONNULL = YES;
				CLANG_ANALYZER_NUMBER_OBJECT_CONVERSION = YES_AGGRESSIVE;
				CLANG_CXX_LANGUAGE_STANDARD = "gnu++14";
				CLANG_CXX_LIBRARY = "libc++";
				CLANG_ENABLE_MODULES = YES;
				CLANG_ENABLE_OBJC_ARC = YES;
				CLANG_ENABLE_OBJC_WEAK = YES;
				CLANG_WARN_BLOCK_CAPTURE_AUTORELEASING = YES;
				CLANG_WARN_BOOL_CONVERSION = YES;
				CLANG_WARN_COMMA = YES;
				CLANG_WARN_CONSTANT_CONVERSION = YES;
				CLANG_WARN_DEPRECATED_OBJC_IMPLEMENTATIONS = YES;
				CLANG_WARN_DIRECT_OBJC_ISA_USAGE = YES_ERROR;
				CLANG_WARN_DOCUMENTATION_COMMENTS = YES;
				CLANG_WARN_EMPTY_BODY = YES;
				CLANG_WARN_ENUM_CONVERSION = YES;
				CLANG_WARN_INFINITE_RECURSION = YES;
				CLANG_WARN_INT_CONVERSION = YES;
				CLANG_WARN_NON_LITERAL_NULL_CONVERSION = YES;
				CLANG_WARN_OBJC_IMPLICIT_RETAIN_SELF = YES;
				CLANG_WARN_OBJC_LITERAL_CONVERSION = YES;
				CLANG_WARN_OBJC_ROOT_CLASS = YES_ERROR;
				CLANG_WARN_QUOTED_INCLUDE_IN_FRAMEWORK_HEADER = YES;
				CLANG_WARN_RANGE_LOOP_ANALYSIS = YES;
				CLANG_WARN_STRICT_PROTOTYPES = YES;
				CLANG_WARN_SUSPICIOUS_MOVE = YES;
				CLANG_WARN_UNGUARDED_AVAILABILITY = YES_AGGRESSIVE;
				CLANG_WARN_UNREACHABLE_CODE = YES;
				CLANG_WARN__DUPLICATE_METHOD_MATCH = YES;
				COPY_PHASE_STRIP = NO;
				DEBUG_INFORMATION_FORMAT = dwarf;
				ENABLE_STRICT_OBJC_MSGSEND = YES;
				ENABLE_TESTABILITY = YES;
				GCC_C_LANGUAGE_STANDARD = gnu11;
				GCC_DYNAMIC_NO_PIC = NO;
				GCC_NO_COMMON_BLOCKS = YES;
				GCC_OPTIMIZATION_LEVEL = 0;
				GCC_PREPROCESSOR_DEFINITIONS = (
					"DEBUG=1",
					"$(inherited)",
				);
				GCC_WARN_64_TO_32_BIT_CONVERSION = YES;
				GCC_WARN_ABOUT_RETURN_TYPE = YES_ERROR;
				GCC_WARN_UNDECLARED_SELECTOR = YES;
				GCC_WARN_UNINITIALIZED_AUTOS = YES_AGGRESSIVE;
				GCC_WARN_UNUSED_FUNCTION = YES;
				GCC_WARN_UNUSED_VARIABLE = YES;
				IPHONEOS_DEPLOYMENT_TARGET = 14.5;
				MTL_ENABLE_DEBUG_INFO = INCLUDE_SOURCE;
				MTL_FAST_MATH = YES;
				ONLY_ACTIVE_ARCH = YES;
				SDKROOT = iphoneos;
				SWIFT_ACTIVE_COMPILATION_CONDITIONS = DEBUG;
				SWIFT_OPTIMIZATION_LEVEL = "-Onone";
			};
			name = Debug;
		};
		9E58F7DC2661237D008144FA /* Release */ = {
			isa = XCBuildConfiguration;
			buildSettings = {
				ALWAYS_SEARCH_USER_PATHS = NO;
				CLANG_ANALYZER_NONNULL = YES;
				CLANG_ANALYZER_NUMBER_OBJECT_CONVERSION = YES_AGGRESSIVE;
				CLANG_CXX_LANGUAGE_STANDARD = "gnu++14";
				CLANG_CXX_LIBRARY = "libc++";
				CLANG_ENABLE_MODULES = YES;
				CLANG_ENABLE_OBJC_ARC = YES;
				CLANG_ENABLE_OBJC_WEAK = YES;
				CLANG_WARN_BLOCK_CAPTURE_AUTORELEASING = YES;
				CLANG_WARN_BOOL_CONVERSION = YES;
				CLANG_WARN_COMMA = YES;
				CLANG_WARN_CONSTANT_CONVERSION = YES;
				CLANG_WARN_DEPRECATED_OBJC_IMPLEMENTATIONS = YES;
				CLANG_WARN_DIRECT_OBJC_ISA_USAGE = YES_ERROR;
				CLANG_WARN_DOCUMENTATION_COMMENTS = YES;
				CLANG_WARN_EMPTY_BODY = YES;
				CLANG_WARN_ENUM_CONVERSION = YES;
				CLANG_WARN_INFINITE_RECURSION = YES;
				CLANG_WARN_INT_CONVERSION = YES;
				CLANG_WARN_NON_LITERAL_NULL_CONVERSION = YES;
				CLANG_WARN_OBJC_IMPLICIT_RETAIN_SELF = YES;
				CLANG_WARN_OBJC_LITERAL_CONVERSION = YES;
				CLANG_WARN_OBJC_ROOT_CLASS = YES_ERROR;
				CLANG_WARN_QUOTED_INCLUDE_IN_FRAMEWORK_HEADER = YES;
				CLANG_WARN_RANGE_LOOP_ANALYSIS = YES;
				CLANG_WARN_STRICT_PROTOTYPES = YES;
				CLANG_WARN_SUSPICIOUS_MOVE = YES;
				CLANG_WARN_UNGUARDED_AVAILABILITY = YES_AGGRESSIVE;
				CLANG_WARN_UNREACHABLE_CODE = YES;
				CLANG_WARN__DUPLICATE_METHOD_MATCH = YES;
				COPY_PHASE_STRIP = NO;
				DEBUG_INFORMATION_FORMAT = "dwarf-with-dsym";
				ENABLE_NS_ASSERTIONS = NO;
				ENABLE_STRICT_OBJC_MSGSEND = YES;
				GCC_C_LANGUAGE_STANDARD = gnu11;
				GCC_NO_COMMON_BLOCKS = YES;
				GCC_WARN_64_TO_32_BIT_CONVERSION = YES;
				GCC_WARN_ABOUT_RETURN_TYPE = YES_ERROR;
				GCC_WARN_UNDECLARED_SELECTOR = YES;
				GCC_WARN_UNINITIALIZED_AUTOS = YES_AGGRESSIVE;
				GCC_WARN_UNUSED_FUNCTION = YES;
				GCC_WARN_UNUSED_VARIABLE = YES;
				IPHONEOS_DEPLOYMENT_TARGET = 14.5;
				MTL_ENABLE_DEBUG_INFO = NO;
				MTL_FAST_MATH = YES;
				SDKROOT = iphoneos;
				SWIFT_COMPILATION_MODE = wholemodule;
				SWIFT_OPTIMIZATION_LEVEL = "-O";
				VALIDATE_PRODUCT = YES;
			};
			name = Release;
		};
		9E58F7DE2661237D008144FA /* Debug */ = {
			isa = XCBuildConfiguration;
			buildSettings = {
				ASSETCATALOG_COMPILER_APPICON_NAME = AppIcon;
				ASSETCATALOG_COMPILER_GLOBAL_ACCENT_COLOR_NAME = AccentColor;
				CODE_SIGN_STYLE = Automatic;
				DEVELOPMENT_TEAM = D3T46735XP;
				INFOPLIST_FILE = tableView/Info.plist;
				LD_RUNPATH_SEARCH_PATHS = (
					"$(inherited)",
					"@executable_path/Frameworks",
				);
				PRODUCT_BUNDLE_IDENTIFIER = lukeRave.tableView;
				PRODUCT_NAME = "$(TARGET_NAME)";
				SWIFT_VERSION = 5.0;
				TARGETED_DEVICE_FAMILY = "1,2";
			};
			name = Debug;
		};
		9E58F7DF2661237D008144FA /* Release */ = {
			isa = XCBuildConfiguration;
			buildSettings = {
				ASSETCATALOG_COMPILER_APPICON_NAME = AppIcon;
				ASSETCATALOG_COMPILER_GLOBAL_ACCENT_COLOR_NAME = AccentColor;
				CODE_SIGN_STYLE = Automatic;
				DEVELOPMENT_TEAM = D3T46735XP;
				INFOPLIST_FILE = tableView/Info.plist;
				LD_RUNPATH_SEARCH_PATHS = (
					"$(inherited)",
					"@executable_path/Frameworks",
				);
				PRODUCT_BUNDLE_IDENTIFIER = lukeRave.tableView;
				PRODUCT_NAME = "$(TARGET_NAME)";
				SWIFT_VERSION = 5.0;
				TARGETED_DEVICE_FAMILY = "1,2";
			};
			name = Release;
		};
/* End XCBuildConfiguration section */

/* Begin XCConfigurationList section */
		9E58F7C42661237A008144FA /* Build configuration list for PBXProject "tableView" */ = {
			isa = XCConfigurationList;
			buildConfigurations = (
				9E58F7DB2661237D008144FA /* Debug */,
				9E58F7DC2661237D008144FA /* Release */,
			);
			defaultConfigurationIsVisible = 0;
			defaultConfigurationName = Release;
		};
		9E58F7DD2661237D008144FA /* Build configuration list for PBXNativeTarget "tableView" */ = {
			isa = XCConfigurationList;
			buildConfigurations = (
				9E58F7DE2661237D008144FA /* Debug */,
				9E58F7DF2661237D008144FA /* Release */,
			);
			defaultConfigurationIsVisible = 0;
			defaultConfigurationName = Release;
		};
/* End XCConfigurationList section */
	};
	rootObject = 9E58F7C12661237A008144FA /* Project object */;
}
